
Microsoft Visual Studio Solution File, Format Version 12.00
# Visual Studio 15
VisualStudioVersion = 15.0.28307.1145
MinimumVisualStudioVersion = 10.0.40219.1
Project("{FAE04EC0-301F-11D3-BF4B-00C04F79EFBC}") = "AzureSearch.OData.Expression", "AzureSearch.OData.Expression\AzureSearch.OData.Expression.csproj", "{8D222F12-6801-40D8-AAEE-E8D6CEF71249}"
EndProject
Global
	GlobalSection(SolutionConfigurationPlatforms) = preSolution
		Debug|Any CPU = Debug|Any CPU
		Release|Any CPU = Release|Any CPU
	EndGlobalSection
	GlobalSection(ProjectConfigurationPlatforms) = postSolution
		{8D222F12-6801-40D8-AAEE-E8D6CEF71249}.Debug|Any CPU.ActiveCfg = Debug|Any CPU
		{8D222F12-6801-40D8-AAEE-E8D6CEF71249}.Debug|Any CPU.Build.0 = Debug|Any CPU
		{8D222F12-6801-40D8-AAEE-E8D6CEF71249}.Release|Any CPU.ActiveCfg = Release|Any CPU
		{8D222F12-6801-40D8-AAEE-E8D6CEF71249}.Release|Any CPU.Build.0 = Release|Any CPU
	EndGlobalSection
	GlobalSection(SolutionProperties) = preSolution
		HideSolutionNode = FALSE
	EndGlobalSection
	GlobalSection(ExtensibilityGlobals) = postSolution
		SolutionGuid = {7C8C45B2-186E-48C0-8D74-197EB19BCF73}
	EndGlobalSection
EndGlobal
